
Microsoft Visual Studio Solution File, Format Version 12.00
# Visual Studio Version 17
VisualStudioVersion = 17.10.35027.167
MinimumVisualStudioVersion = 10.0.40219.1
Project("{9A19103F-16F7-4668-BE54-9A1E7A4F7556}") = "AlzaCzEntryTask", "AlzaCzEntryTask\AlzaCzEntryTask.csproj", "{523637BA-158B-4688-82E0-5A20C3E7C2AF}"
EndProject
Project("{9A19103F-16F7-4668-BE54-9A1E7A4F7556}") = "AlzaCzHomework.Tests", "AlzaCzEntryTask.Tests\AlzaCzHomework.Tests.csproj", "{A7158CA9-711B-484D-8F3A-5899DD30C383}"
EndProject
Project("{FAE04EC0-301F-11D3-BF4B-00C04F79EFBC}") = "AlzaCzHomework.Runner", "AlzaCzHomework.Runner\AlzaCzHomework.Runner.csproj", "{89089C10-ACBC-4DBD-9E34-A9E5B254DE6F}"
EndProject
Global
	GlobalSection(SolutionConfigurationPlatforms) = preSolution
		Debug|Any CPU = Debug|Any CPU
		Release|Any CPU = Release|Any CPU
	EndGlobalSection
	GlobalSection(ProjectConfigurationPlatforms) = postSolution
		{523637BA-158B-4688-82E0-5A20C3E7C2AF}.Debug|Any CPU.ActiveCfg = Debug|Any CPU
		{523637BA-158B-4688-82E0-5A20C3E7C2AF}.Debug|Any CPU.Build.0 = Debug|Any CPU
		{523637BA-158B-4688-82E0-5A20C3E7C2AF}.Release|Any CPU.ActiveCfg = Release|Any CPU
		{523637BA-158B-4688-82E0-5A20C3E7C2AF}.Release|Any CPU.Build.0 = Release|Any CPU
		{A7158CA9-711B-484D-8F3A-5899DD30C383}.Debug|Any CPU.ActiveCfg = Debug|Any CPU
		{A7158CA9-711B-484D-8F3A-5899DD30C383}.Debug|Any CPU.Build.0 = Debug|Any CPU
		{A7158CA9-711B-484D-8F3A-5899DD30C383}.Release|Any CPU.ActiveCfg = Release|Any CPU
		{A7158CA9-711B-484D-8F3A-5899DD30C383}.Release|Any CPU.Build.0 = Release|Any CPU
		{89089C10-ACBC-4DBD-9E34-A9E5B254DE6F}.Debug|Any CPU.ActiveCfg = Debug|Any CPU
		{89089C10-ACBC-4DBD-9E34-A9E5B254DE6F}.Debug|Any CPU.Build.0 = Debug|Any CPU
		{89089C10-ACBC-4DBD-9E34-A9E5B254DE6F}.Release|Any CPU.ActiveCfg = Release|Any CPU
		{89089C10-ACBC-4DBD-9E34-A9E5B254DE6F}.Release|Any CPU.Build.0 = Release|Any CPU
	EndGlobalSection
	GlobalSection(SolutionProperties) = preSolution
		HideSolutionNode = FALSE
	EndGlobalSection
	GlobalSection(ExtensibilityGlobals) = postSolution
		SolutionGuid = {884E8915-DEB6-4BD9-B146-6DC1DC85454D}
	EndGlobalSection
EndGlobal
